
Microsoft Visual Studio Solution File, Format Version 12.00
# Visual Studio Version 16
VisualStudioVersion = 16.0.29306.81
MinimumVisualStudioVersion = 10.0.40219.1
Project("{FAE04EC0-301F-11D3-BF4B-00C04F79EFBC}") = "PlaceMyBet", "PlaceMyBet\PlaceMyBet.csproj", "{FDFA0048-AA60-4A3A-9CFD-FBE8FBB434D3}"
EndProject
Global
	GlobalSection(SolutionConfigurationPlatforms) = preSolution
		Debug|Any CPU = Debug|Any CPU
		Release|Any CPU = Release|Any CPU
	EndGlobalSection
	GlobalSection(ProjectConfigurationPlatforms) = postSolution
		{FDFA0048-AA60-4A3A-9CFD-FBE8FBB434D3}.Debug|Any CPU.ActiveCfg = Debug|Any CPU
		{FDFA0048-AA60-4A3A-9CFD-FBE8FBB434D3}.Debug|Any CPU.Build.0 = Debug|Any CPU
		{FDFA0048-AA60-4A3A-9CFD-FBE8FBB434D3}.Release|Any CPU.ActiveCfg = Release|Any CPU
		{FDFA0048-AA60-4A3A-9CFD-FBE8FBB434D3}.Release|Any CPU.Build.0 = Release|Any CPU
	EndGlobalSection
	GlobalSection(SolutionProperties) = preSolution
		HideSolutionNode = FALSE
	EndGlobalSection
	GlobalSection(ExtensibilityGlobals) = postSolution
		SolutionGuid = {907092C8-B8CA-4A9B-88BE-0352672927C1}
	EndGlobalSection
EndGlobal
